Microsoft Visual Studio Solution File, Format Version 12.00
Project("{FAE04EC0-301F-11D3-BF4B-00C04F79EFBC}") = "UnityContainers", "UnityContainers\UnityContainers.csproj", "{B9532941-7A76-4DC7-AC73-1A17027AE42A}"
EndProject
Project("{FAE04EC0-301F-11D3-BF4B-00C04F79EFBC}") = "UnityContainersTests", "UnityContainersTests\UnityContainersTests.csproj", "{9FFE31AF-F7A2-4140-B653-89AAC1913969}"
EndProject
Global
	GlobalSection(SolutionConfigurationPlatforms) = preSolution
		Debug|Any CPU = Debug|Any CPU
		Release|Any CPU = Release|Any CPU
	EndGlobalSection
	GlobalSection(ProjectConfigurationPlatforms) = postSolution
		{B9532941-7A76-4DC7-AC73-1A17027AE42A}.Debug|Any CPU.ActiveCfg = Debug|Any CPU
		{B9532941-7A76-4DC7-AC73-1A17027AE42A}.Debug|Any CPU.Build.0 = Debug|Any CPU
		{B9532941-7A76-4DC7-AC73-1A17027AE42A}.Release|Any CPU.ActiveCfg = Release|Any CPU
		{B9532941-7A76-4DC7-AC73-1A17027AE42A}.Release|Any CPU.Build.0 = Release|Any CPU
		{4B690621-65CF-4F05-B1FF-9BA2CD918B22}.Debug|Any CPU.ActiveCfg = Debug|Any CPU
		{4B690621-65CF-4F05-B1FF-9BA2CD918B22}.Debug|Any CPU.Build.0 = Debug|Any CPU
		{4B690621-65CF-4F05-B1FF-9BA2CD918B22}.Release|Any CPU.ActiveCfg = Release|Any CPU
		{4B690621-65CF-4F05-B1FF-9BA2CD918B22}.Release|Any CPU.Build.0 = Release|Any CPU
		{9FFE31AF-F7A2-4140-B653-89AAC1913969}.Debug|Any CPU.ActiveCfg = Debug|Any CPU
		{9FFE31AF-F7A2-4140-B653-89AAC1913969}.Debug|Any CPU.Build.0 = Debug|Any CPU
		{9FFE31AF-F7A2-4140-B653-89AAC1913969}.Release|Any CPU.ActiveCfg = Release|Any CPU
		{9FFE31AF-F7A2-4140-B653-89AAC1913969}.Release|Any CPU.Build.0 = Release|Any CPU
	EndGlobalSection
EndGlobal
